[ "cowboy": {:git, "git://github.com/extend/cowboy.git", "9eaee45c090b9cb170554bc7e09d679bc0598716", [{:tag, "0.8.6"}]},
  "erlydtl": {:git, "git://github.com/evanmiller/erlydtl.git", "91cc4a7fe0a71228f4ad75b7b0b593790b0fec0d", []},
  "mimetypes": {:git, "git://github.com/spawngrid/mimetypes.git", "47d37a977a7d633199822bf6b08353007483d00f", []},
  "ranch": {:git, "git://github.com/extend/ranch.git", "4f70a16bbe08e446e8fec248ca345d5f8e7df038", [{:ref, "0.8.4"}]},
  "relex": {:git, "git://github.com/yrashk/relex.git", "eecb2c4d8d80aba734273bba4256b87462020804", []} ]
